
Microsoft Visual Studio Solution File, Format Version 12.00
# Visual Studio Version 17
VisualStudioVersion = 17.8.34004.107
MinimumVisualStudioVersion = 10.0.40219.1
Project("{9A19103F-16F7-4668-BE54-9A1E7A4F7556}") = "ModernMemory", "ModernMemory\ModernMemory.csproj", "{A1B4255D-80E7-4AB5-AEAF-94BEA6FDA8C3}"
EndProject
Project("{9A19103F-16F7-4668-BE54-9A1E7A4F7556}") = "ModernMemory.Tests", "ModernMemory.Tests\ModernMemory.Tests.csproj", "{EBE06E03-59A2-4F24-B66E-67AD34330CDE}"
EndProject
Project("{2150E333-8FDC-42A3-9474-1A3956D46DE8}") = "Solution Items", "Solution Items", "{85422B85-488E-495C-B3BE-3E76B3F9BEDE}"
	ProjectSection(SolutionItems) = preProject
		.editorconfig = .editorconfig
		LICENSE.md = LICENSE.md
		T4TransformTargets.targets = T4TransformTargets.targets
		THIRD-PARTY-NOTICES.md = THIRD-PARTY-NOTICES.md
	EndProjectSection
EndProject
Project("{FAE04EC0-301F-11D3-BF4B-00C04F79EFBC}") = "ModernMemory.Analyzers", "ModernMemory.Analyzers\ModernMemory.Analyzers\ModernMemory.Analyzers.csproj", "{D42D9942-B4AD-47FA-A0BC-33B43252953E}"
EndProject
Project("{FAE04EC0-301F-11D3-BF4B-00C04F79EFBC}") = "ModernMemory.Analyzers.CodeFixes", "ModernMemory.Analyzers\ModernMemory.Analyzers.CodeFixes\ModernMemory.Analyzers.CodeFixes.csproj", "{9882B997-9FC1-4412-A8BE-11E40558B02E}"
EndProject
Project("{FAE04EC0-301F-11D3-BF4B-00C04F79EFBC}") = "ModernMemory.Analyzers.Package", "ModernMemory.Analyzers\ModernMemory.Analyzers.Package\ModernMemory.Analyzers.Package.csproj", "{927540EB-4FA0-40F8-8D0B-9A1BAEA885A0}"
EndProject
Project("{FAE04EC0-301F-11D3-BF4B-00C04F79EFBC}") = "ModernMemory.Analyzers.Test", "ModernMemory.Analyzers\ModernMemory.Analyzers.Test\ModernMemory.Analyzers.Test.csproj", "{0E42520B-315D-46C7-A47D-0D4872C36DB5}"
EndProject
Project("{FAE04EC0-301F-11D3-BF4B-00C04F79EFBC}") = "ModernMemory.Analyzers.Vsix", "ModernMemory.Analyzers\ModernMemory.Analyzers.Vsix\ModernMemory.Analyzers.Vsix.csproj", "{34859DA4-203D-4D65-9F10-1E735247BE45}"
EndProject
Project("{2150E333-8FDC-42A3-9474-1A3956D46DE8}") = "Analyzers", "Analyzers", "{41045AF4-EE99-4670-8AC3-4B6FDA3D56C4}"
EndProject
Project("{9A19103F-16F7-4668-BE54-9A1E7A4F7556}") = "ModernMemory.Benchmarks", "ModernMemory.Benchmarks\ModernMemory.Benchmarks.csproj", "{F4BD9690-B0C0-4D50-8C68-BF9A71898474}"
EndProject
Project("{9A19103F-16F7-4668-BE54-9A1E7A4F7556}") = "ModernMemory.Benchmarks.Runner", "ModernMemory.Benchmarks.Runner\ModernMemory.Benchmarks.Runner.csproj", "{50D7CEA6-F756-4A36-8C22-759E648266EB}"
EndProject
Global
	GlobalSection(SolutionConfigurationPlatforms) = preSolution
		Debug|Any CPU = Debug|Any CPU
		Release|Any CPU = Release|Any CPU
	EndGlobalSection
	GlobalSection(ProjectConfigurationPlatforms) = postSolution
		{A1B4255D-80E7-4AB5-AEAF-94BEA6FDA8C3}.Debug|Any CPU.ActiveCfg = Debug|Any CPU
		{A1B4255D-80E7-4AB5-AEAF-94BEA6FDA8C3}.Debug|Any CPU.Build.0 = Debug|Any CPU
		{A1B4255D-80E7-4AB5-AEAF-94BEA6FDA8C3}.Release|Any CPU.ActiveCfg = Release|Any CPU
		{A1B4255D-80E7-4AB5-AEAF-94BEA6FDA8C3}.Release|Any CPU.Build.0 = Release|Any CPU
		{EBE06E03-59A2-4F24-B66E-67AD34330CDE}.Debug|Any CPU.ActiveCfg = Debug|Any CPU
		{EBE06E03-59A2-4F24-B66E-67AD34330CDE}.Debug|Any CPU.Build.0 = Debug|Any CPU
		{EBE06E03-59A2-4F24-B66E-67AD34330CDE}.Release|Any CPU.ActiveCfg = Release|Any CPU
		{EBE06E03-59A2-4F24-B66E-67AD34330CDE}.Release|Any CPU.Build.0 = Release|Any CPU
		{D42D9942-B4AD-47FA-A0BC-33B43252953E}.Debug|Any CPU.ActiveCfg = Debug|Any CPU
		{D42D9942-B4AD-47FA-A0BC-33B43252953E}.Debug|Any CPU.Build.0 = Debug|Any CPU
		{D42D9942-B4AD-47FA-A0BC-33B43252953E}.Release|Any CPU.ActiveCfg = Release|Any CPU
		{D42D9942-B4AD-47FA-A0BC-33B43252953E}.Release|Any CPU.Build.0 = Release|Any CPU
		{9882B997-9FC1-4412-A8BE-11E40558B02E}.Debug|Any CPU.ActiveCfg = Debug|Any CPU
		{9882B997-9FC1-4412-A8BE-11E40558B02E}.Debug|Any CPU.Build.0 = Debug|Any CPU
		{9882B997-9FC1-4412-A8BE-11E40558B02E}.Release|Any CPU.ActiveCfg = Release|Any CPU
		{9882B997-9FC1-4412-A8BE-11E40558B02E}.Release|Any CPU.Build.0 = Release|Any CPU
		{927540EB-4FA0-40F8-8D0B-9A1BAEA885A0}.Debug|Any CPU.ActiveCfg = Debug|Any CPU
		{927540EB-4FA0-40F8-8D0B-9A1BAEA885A0}.Debug|Any CPU.Build.0 = Debug|Any CPU
		{927540EB-4FA0-40F8-8D0B-9A1BAEA885A0}.Release|Any CPU.ActiveCfg = Release|Any CPU
		{927540EB-4FA0-40F8-8D0B-9A1BAEA885A0}.Release|Any CPU.Build.0 = Release|Any CPU
		{0E42520B-315D-46C7-A47D-0D4872C36DB5}.Debug|Any CPU.ActiveCfg = Debug|Any CPU
		{0E42520B-315D-46C7-A47D-0D4872C36DB5}.Debug|Any CPU.Build.0 = Debug|Any CPU
		{0E42520B-315D-46C7-A47D-0D4872C36DB5}.Release|Any CPU.ActiveCfg = Release|Any CPU
		{0E42520B-315D-46C7-A47D-0D4872C36DB5}.Release|Any CPU.Build.0 = Release|Any CPU
		{34859DA4-203D-4D65-9F10-1E735247BE45}.Debug|Any CPU.ActiveCfg = Debug|Any CPU
		{34859DA4-203D-4D65-9F10-1E735247BE45}.Debug|Any CPU.Build.0 = Debug|Any CPU
		{34859DA4-203D-4D65-9F10-1E735247BE45}.Release|Any CPU.ActiveCfg = Release|Any CPU
		{34859DA4-203D-4D65-9F10-1E735247BE45}.Release|Any CPU.Build.0 = Release|Any CPU
		{F4BD9690-B0C0-4D50-8C68-BF9A71898474}.Debug|Any CPU.ActiveCfg = Debug|Any CPU
		{F4BD9690-B0C0-4D50-8C68-BF9A71898474}.Debug|Any CPU.Build.0 = Debug|Any CPU
		{F4BD9690-B0C0-4D50-8C68-BF9A71898474}.Release|Any CPU.ActiveCfg = Release|Any CPU
		{F4BD9690-B0C0-4D50-8C68-BF9A71898474}.Release|Any CPU.Build.0 = Release|Any CPU
		{50D7CEA6-F756-4A36-8C22-759E648266EB}.Debug|Any CPU.ActiveCfg = Debug|Any CPU
		{50D7CEA6-F756-4A36-8C22-759E648266EB}.Debug|Any CPU.Build.0 = Debug|Any CPU
		{50D7CEA6-F756-4A36-8C22-759E648266EB}.Release|Any CPU.ActiveCfg = Release|Any CPU
		{50D7CEA6-F756-4A36-8C22-759E648266EB}.Release|Any CPU.Build.0 = Release|Any CPU
	EndGlobalSection
	GlobalSection(SolutionProperties) = preSolution
		HideSolutionNode = FALSE
	EndGlobalSection
	GlobalSection(NestedProjects) = preSolution
		{D42D9942-B4AD-47FA-A0BC-33B43252953E} = {41045AF4-EE99-4670-8AC3-4B6FDA3D56C4}
		{9882B997-9FC1-4412-A8BE-11E40558B02E} = {41045AF4-EE99-4670-8AC3-4B6FDA3D56C4}
		{927540EB-4FA0-40F8-8D0B-9A1BAEA885A0} = {41045AF4-EE99-4670-8AC3-4B6FDA3D56C4}
		{0E42520B-315D-46C7-A47D-0D4872C36DB5} = {41045AF4-EE99-4670-8AC3-4B6FDA3D56C4}
		{34859DA4-203D-4D65-9F10-1E735247BE45} = {41045AF4-EE99-4670-8AC3-4B6FDA3D56C4}
	EndGlobalSection
	GlobalSection(ExtensibilityGlobals) = postSolution
		SolutionGuid = {EF953BB2-A277-45D9-88B8-7054D11B943A}
	EndGlobalSection
EndGlobal
